
Microsoft Visual Studio Solution File, Format Version 12.00
# Visual Studio Version 17
VisualStudioVersion = 17.2.32516.85
MinimumVisualStudioVersion = 10.0.40219.1
Project("{8BC9CEB8-8B4A-11D0-8D11-00A0C91BC942}") = "LabVector", "LabVector.vcxproj", "{02BE0758-4B4F-4776-A346-52ADEFF781BC}"
EndProject
Global
	GlobalSection(SolutionConfigurationPlatforms) = preSolution
		Debug|ARM = Debug|ARM
		Debug|x64 = Debug|x64
		Debug|x86 = Debug|x86
		Release|ARM = Release|ARM
		Release|x64 = Release|x64
		Release|x86 = Release|x86
	EndGlobalSection
	GlobalSection(ProjectConfigurationPlatforms) = postSolution
		{02BE0758-4B4F-4776-A346-52ADEFF781BC}.Debug|ARM.ActiveCfg = Debug|ARM
		{02BE0758-4B4F-4776-A346-52ADEFF781BC}.Debug|ARM.Build.0 = Debug|ARM
		{02BE0758-4B4F-4776-A346-52ADEFF781BC}.Debug|x64.ActiveCfg = Debug|x64
		{02BE0758-4B4F-4776-A346-52ADEFF781BC}.Debug|x64.Build.0 = Debug|x64
		{02BE0758-4B4F-4776-A346-52ADEFF781BC}.Debug|x86.ActiveCfg = Debug|Win32
		{02BE0758-4B4F-4776-A346-52ADEFF781BC}.Debug|x86.Build.0 = Debug|Win32
		{02BE0758-4B4F-4776-A346-52ADEFF781BC}.Release|ARM.ActiveCfg = Release|ARM
		{02BE0758-4B4F-4776-A346-52ADEFF781BC}.Release|ARM.Build.0 = Release|ARM
		{02BE0758-4B4F-4776-A346-52ADEFF781BC}.Release|x64.ActiveCfg = Release|x64
		{02BE0758-4B4F-4776-A346-52ADEFF781BC}.Release|x64.Build.0 = Release|x64
		{02BE0758-4B4F-4776-A346-52ADEFF781BC}.Release|x86.ActiveCfg = Release|Win32
		{02BE0758-4B4F-4776-A346-52ADEFF781BC}.Release|x86.Build.0 = Release|Win32
	EndGlobalSection
	GlobalSection(SolutionProperties) = preSolution
		HideSolutionNode = FALSE
	EndGlobalSection
	GlobalSection(ExtensibilityGlobals) = postSolution
		SolutionGuid = {64AD8CB6-DA79-44A3-890C-8794BBA2ED3F}
	EndGlobalSection
EndGlobal
